
Microsoft Visual Studio Solution File, Format Version 12.00
# Visual Studio Version 17
VisualStudioVersion = 17.6.33815.320
MinimumVisualStudioVersion = 10.0.40219.1
Project("{FAE04EC0-301F-11D3-BF4B-00C04F79EFBC}") = "BusinessLab", "BusinessLab.csproj", "{057C106B-4844-4C63-933C-EF49100B7B9D}"
EndProject
Global
	GlobalSection(SolutionConfigurationPlatforms) = preSolution
		Debug|Any CPU = Debug|Any CPU
		Release|Any CPU = Release|Any CPU
	EndGlobalSection
	GlobalSection(ProjectConfigurationPlatforms) = postSolution
		{057C106B-4844-4C63-933C-EF49100B7B9D}.Debug|Any CPU.ActiveCfg = Debug|Any CPU
		{057C106B-4844-4C63-933C-EF49100B7B9D}.Debug|Any CPU.Build.0 = Debug|Any CPU
		{057C106B-4844-4C63-933C-EF49100B7B9D}.Release|Any CPU.ActiveCfg = Release|Any CPU
		{057C106B-4844-4C63-933C-EF49100B7B9D}.Release|Any CPU.Build.0 = Release|Any CPU
	EndGlobalSection
	GlobalSection(SolutionProperties) = preSolution
		HideSolutionNode = FALSE
	EndGlobalSection
	GlobalSection(ExtensibilityGlobals) = postSolution
		SolutionGuid = {0FFAFBD3-0927-4243-99C3-E709FCB02AF2}
	EndGlobalSection
EndGlobal
